// !$*UTF8*$!
{
	archiveVersion = 1;
	classes = {
	};
	objectVersion = 50;
	objects = {

/* Begin PBXBuildFile section */
		D772C2E020E21CBB0099B2C0 /* AppDelegate.swift in Sources */ = {isa = PBXBuildFile; fileRef = D772C2DF20E21CBB0099B2C0 /* AppDelegate.swift */; };
		D772C2E220E21CBB0099B2C0 /* ViewController.swift in Sources */ = {isa = PBXBuildFile; fileRef = D772C2E120E21CBB0099B2C0 /* ViewController.swift */; };
		D772C2E520E21CBB0099B2C0 /* Main.storyboard in Resources */ = {isa = PBXBuildFile; fileRef = D772C2E320E21CBB0099B2C0 /* Main.storyboard */; };
		D772C2E720E21CBC0099B2C0 /* Assets.xcassets in Resources */ = {isa = PBXBuildFile; fileRef = D772C2E620E21CBC0099B2C0 /* Assets.xcassets */; };
		D772C2EA20E21CBC0099B2C0 /* LaunchScreen.storyboard in Resources */ = {isa = PBXBuildFile; fileRef = D772C2E820E21CBC0099B2C0 /* LaunchScreen.storyboard */; };
		D772C30120E2399F0099B2C0 /* ItemManager.swift in Sources */ = {isa = PBXBuildFile; fileRef = D772C30020E2399F0099B2C0 /* ItemManager.swift */; };
		D772C30320E23B470099B2C0 /* Actor.swift in Sources */ = {isa = PBXBuildFile; fileRef = D772C30220E23B470099B2C0 /* Actor.swift */; };
		D772C30520E23B8E0099B2C0 /* Movie.swift in Sources */ = {isa = PBXBuildFile; fileRef = D772C30420E23B8E0099B2C0 /* Movie.swift */; };
		D772C31120E253760099B2C0 /* Item.swift in Sources */ = {isa = PBXBuildFile; fileRef = D772C31020E253760099B2C0 /* Item.swift */; };
		D772C31820E259960099B2C0 /* UIImageX.swift in Sources */ = {isa = PBXBuildFile; fileRef = D772C31720E259960099B2C0 /* UIImageX.swift */; };
		D772C31A20E25BF00099B2C0 /* Extension.swift in Sources */ = {isa = PBXBuildFile; fileRef = D772C31920E25BF00099B2C0 /* Extension.swift */; };
		D772C31D20E25FF50099B2C0 /* PictureZoomController.swift in Sources */ = {isa = PBXBuildFile; fileRef = D772C31C20E25FF50099B2C0 /* PictureZoomController.swift */; };
		D777C31A20E5108C0045CD14 /* Reachability.swift in Sources */ = {isa = PBXBuildFile; fileRef = D777C31920E5108C0045CD14 /* Reachability.swift */; };
		D78422C720E2C75200004504 /* TableViewCell.swift in Sources */ = {isa = PBXBuildFile; fileRef = D78422C620E2C75200004504 /* TableViewCell.swift */; };
		E9E8E14C6839F62E5CC12A78 /* Pods_Targil_Heroes.framework in Frameworks */ = {isa = PBXBuildFile; fileRef = 81CB63D6574FB6C5D6E5DF69 /* Pods_Targil_Heroes.framework */; };
/* End PBXBuildFile section */

/* Begin PBXFileReference section */
		7E156DBA72EF61B7F1A3283D /* Pods-Targil Heroes.release.xcconfig */ = {isa = PBXFileReference; includeInIndex = 1; lastKnownFileType = text.xcconfig; name = "Pods-Targil Heroes.release.xcconfig"; path = "Pods/Target Support Files/Pods-Targil Heroes/Pods-Targil Heroes.release.xcconfig"; sourceTree = "<group>"; };
		81CB63D6574FB6C5D6E5DF69 /* Pods_Targil_Heroes.framework */ = {isa = PBXFileReference; explicitFileType = wrapper.framework; includeInIndex = 0; path = Pods_Targil_Heroes.framework; sourceTree = BUILT_PRODUCTS_DIR; };
		D772C2DC20E21CBB0099B2C0 /* Targil Heroes.app */ = {isa = PBXFileReference; explicitFileType = wrapper.application; includeInIndex = 0; path = "Targil Heroes.app"; sourceTree = BUILT_PRODUCTS_DIR; };
		D772C2DF20E21CBB0099B2C0 /* AppDelegate.swift */ = {isa = PBXFileReference; lastKnownFileType = sourcecode.swift; path = AppDelegate.swift; sourceTree = "<group>"; };
		D772C2E120E21CBB0099B2C0 /* ViewController.swift */ = {isa = PBXFileReference; lastKnownFileType = sourcecode.swift; path = ViewController.swift; sourceTree = "<group>"; };
		D772C2E420E21CBB0099B2C0 /* Base */ = {isa = PBXFileReference; lastKnownFileType = file.storyboard; name = Base; path = Base.lproj/Main.storyboard; sourceTree = "<group>"; };
		D772C2E620E21CBC0099B2C0 /* Assets.xcassets */ = {isa = PBXFileReference; lastKnownFileType = folder.assetcatalog; path = Assets.xcassets; sourceTree = "<group>"; };
		D772C2E920E21CBC0099B2C0 /* Base */ = {isa = PBXFileReference; lastKnownFileType = file.storyboard; name = Base; path = Base.lproj/LaunchScreen.storyboard; sourceTree = "<group>"; };
		D772C2EB20E21CBC0099B2C0 /* Info.plist */ = {isa = PBXFileReference; lastKnownFileType = text.plist.xml; path = Info.plist; sourceTree = "<group>"; };
		D772C30020E2399F0099B2C0 /* ItemManager.swift */ = {isa = PBXFileReference; lastKnownFileType = sourcecode.swift; path = ItemManager.swift; sourceTree = "<group>"; };
		D772C30220E23B470099B2C0 /* Actor.swift */ = {isa = PBXFileReference; lastKnownFileType = sourcecode.swift; path = Actor.swift; sourceTree = "<group>"; };
		D772C30420E23B8E0099B2C0 /* Movie.swift */ = {isa = PBXFileReference; lastKnownFileType = sourcecode.swift; path = Movie.swift; sourceTree = "<group>"; };
		D772C31020E253760099B2C0 /* Item.swift */ = {isa = PBXFileReference; lastKnownFileType = sourcecode.swift; path = Item.swift; sourceTree = "<group>"; };
		D772C31720E259960099B2C0 /* UIImageX.swift */ = {isa = PBXFileReference; lastKnownFileType = sourcecode.swift; path = UIImageX.swift; sourceTree = "<group>"; };
		D772C31920E25BF00099B2C0 /* Extension.swift */ = {isa = PBXFileReference; lastKnownFileType = sourcecode.swift; path = Extension.swift; sourceTree = "<group>"; };
		D772C31C20E25FF50099B2C0 /* PictureZoomController.swift */ = {isa = PBXFileReference; lastKnownFileType = sourcecode.swift; path = PictureZoomController.swift; sourceTree = "<group>"; };
		D777C31920E5108C0045CD14 /* Reachability.swift */ = {isa = PBXFileReference; lastKnownFileType = sourcecode.swift; path = Reachability.swift; sourceTree = "<group>"; };
		D78422C620E2C75200004504 /* TableViewCell.swift */ = {isa = PBXFileReference; lastKnownFileType = sourcecode.swift; path = TableViewCell.swift; sourceTree = "<group>"; };
		FAAB6C893910DCFD16E48A7C /* Pods-Targil Heroes.debug.xcconfig */ = {isa = PBXFileReference; includeInIndex = 1; lastKnownFileType = text.xcconfig; name = "Pods-Targil Heroes.debug.xcconfig"; path = "Pods/Target Support Files/Pods-Targil Heroes/Pods-Targil Heroes.debug.xcconfig"; sourceTree = "<group>"; };
/* End PBXFileReference section */

/* Begin PBXFrameworksBuildPhase section */
		D772C2D920E21CBB0099B2C0 /* Frameworks */ = {
			isa = PBXFrameworksBuildPhase;
			buildActionMask = 2147483647;
			files = (
				E9E8E14C6839F62E5CC12A78 /* Pods_Targil_Heroes.framework in Frameworks */,
			);
			runOnlyForDeploymentPostprocessing = 0;
		};
/* End PBXFrameworksBuildPhase section */

/* Begin PBXGroup section */
		3B466AC9A552815F1CDEBF76 /* Pods */ = {
			isa = PBXGroup;
			children = (
				FAAB6C893910DCFD16E48A7C /* Pods-Targil Heroes.debug.xcconfig */,
				7E156DBA72EF61B7F1A3283D /* Pods-Targil Heroes.release.xcconfig */,
			);
			name = Pods;
			sourceTree = "<group>";
		};
		5465DAA5AE2B9D472B7B3FF8 /* Frameworks */ = {
			isa = PBXGroup;
			children = (
				81CB63D6574FB6C5D6E5DF69 /* Pods_Targil_Heroes.framework */,
			);
			name = Frameworks;
			sourceTree = "<group>";
		};
		D772C2D320E21CBB0099B2C0 = {
			isa = PBXGroup;
			children = (
				D772C2DE20E21CBB0099B2C0 /* Targil Heroes */,
				D772C2DD20E21CBB0099B2C0 /* Products */,
				3B466AC9A552815F1CDEBF76 /* Pods */,
				5465DAA5AE2B9D472B7B3FF8 /* Frameworks */,
			);
			sourceTree = "<group>";
		};
		D772C2DD20E21CBB0099B2C0 /* Products */ = {
			isa = PBXGroup;
			children = (
				D772C2DC20E21CBB0099B2C0 /* Targil Heroes.app */,
			);
			name = Products;
			sourceTree = "<group>";
		};
		D772C2DE20E21CBB0099B2C0 /* Targil Heroes */ = {
			isa = PBXGroup;
			children = (
				D772C2F120E21CC40099B2C0 /* Model */,
				D772C2F220E21CD00099B2C0 /* View */,
				D772C2F320E21CDB0099B2C0 /* Controller */,
				D772C2F420E21CEA0099B2C0 /* Supporting files */,
				D772C2EB20E21CBC0099B2C0 /* Info.plist */,
			);
			path = "Targil Heroes";
			sourceTree = "<group>";
		};
		D772C2F120E21CC40099B2C0 /* Model */ = {
			isa = PBXGroup;
			children = (
				D772C31220E253970099B2C0 /* Item */,
				D777C31C20E513DA0045CD14 /* Movie */,
				D777C31B20E513D00045CD14 /* Actor */,
				D772C31920E25BF00099B2C0 /* Extension.swift */,
				D777C31920E5108C0045CD14 /* Reachability.swift */,
			);
			path = Model;
			sourceTree = "<group>";
		};
		D772C2F220E21CD00099B2C0 /* View */ = {
			isa = PBXGroup;
			children = (
				D772C31620E259840099B2C0 /* Image */,
				D772C2E320E21CBB0099B2C0 /* Main.storyboard */,
				D772C2E820E21CBC0099B2C0 /* LaunchScreen.storyboard */,
			);
			path = View;
			sourceTree = "<group>";
		};
		D772C2F320E21CDB0099B2C0 /* Controller */ = {
			isa = PBXGroup;
			children = (
				D772C31B20E25FD00099B2C0 /* PictureZoomController */,
				D772C2F520E21D050099B2C0 /* ViewControlller */,
			);
			path = Controller;
			sourceTree = "<group>";
		};
		D772C2F420E21CEA0099B2C0 /* Supporting files */ = {
			isa = PBXGroup;
			children = (
				D772C2E620E21CBC0099B2C0 /* Assets.xcassets */,
				D772C2DF20E21CBB0099B2C0 /* AppDelegate.swift */,
			);
			path = "Supporting files";
			sourceTree = "<group>";
		};
		D772C2F520E21D050099B2C0 /* ViewControlller */ = {
			isa = PBXGroup;
			children = (
				D772C2E120E21CBB0099B2C0 /* ViewController.swift */,
				D78422C620E2C75200004504 /* TableViewCell.swift */,
			);
			path = ViewControlller;
			sourceTree = "<group>";
		};
		D772C31220E253970099B2C0 /* Item */ = {
			isa = PBXGroup;
			children = (
				D772C31020E253760099B2C0 /* Item.swift */,
				D772C30020E2399F0099B2C0 /* ItemManager.swift */,
			);
			name = Item;
			path = "New Group";
			sourceTree = "<group>";
		};
		D772C31620E259840099B2C0 /* Image */ = {
			isa = PBXGroup;
			children = (
				D772C31720E259960099B2C0 /* UIImageX.swift */,
			);
			path = Image;
			sourceTree = "<group>";
		};
		D772C31B20E25FD00099B2C0 /* PictureZoomController */ = {
			isa = PBXGroup;
			children = (
				D772C31C20E25FF50099B2C0 /* PictureZoomController.swift */,
			);
			path = PictureZoomController;
			sourceTree = "<group>";
		};
		D777C31B20E513D00045CD14 /* Actor */ = {
			isa = PBXGroup;
			children = (
				D772C30220E23B470099B2C0 /* Actor.swift */,
			);
			path = Actor;
			sourceTree = "<group>";
		};
		D777C31C20E513DA0045CD14 /* Movie */ = {
			isa = PBXGroup;
			children = (
				D772C30420E23B8E0099B2C0 /* Movie.swift */,
			);
			path = Movie;
			sourceTree = "<group>";
		};
/* End PBXGroup section */

/* Begin PBXNativeTarget section */
		D772C2DB20E21CBB0099B2C0 /* Targil Heroes */ = {
			isa = PBXNativeTarget;
			buildConfigurationList = D772C2EE20E21CBC0099B2C0 /* Build configuration list for PBXNativeTarget "Targil Heroes" */;
			buildPhases = (
				4BA4F926DBA0EC7AE2E430C0 /* [CP] Check Pods Manifest.lock */,
				D772C2D820E21CBB0099B2C0 /* Sources */,
				D772C2D920E21CBB0099B2C0 /* Frameworks */,
				D772C2DA20E21CBB0099B2C0 /* Resources */,
				66E28B1F36FAACE45C65E493 /* [CP] Embed Pods Frameworks */,
			);
			buildRules = (
			);
			dependencies = (
			);
			name = "Targil Heroes";
			productName = "Targil Heroes";
			productReference = D772C2DC20E21CBB0099B2C0 /* Targil Heroes.app */;
			productType = "com.apple.product-type.application";
		};
/* End PBXNativeTarget section */

/* Begin PBXProject section */
		D772C2D420E21CBB0099B2C0 /* Project object */ = {
			isa = PBXProject;
			attributes = {
				LastSwiftUpdateCheck = 0940;
				LastUpgradeCheck = 0940;
				ORGANIZATIONNAME = EmoonaDev;
				TargetAttributes = {
					D772C2DB20E21CBB0099B2C0 = {
						CreatedOnToolsVersion = 9.4.1;
					};
				};
			};
			buildConfigurationList = D772C2D720E21CBB0099B2C0 /* Build configuration list for PBXProject "Targil Heroes" */;
			compatibilityVersion = "Xcode 9.3";
			developmentRegion = en;
			hasScannedForEncodings = 0;
			knownRegions = (
				en,
				Base,
			);
			mainGroup = D772C2D320E21CBB0099B2C0;
			productRefGroup = D772C2DD20E21CBB0099B2C0 /* Products */;
			projectDirPath = "";
			projectRoot = "";
			targets = (
				D772C2DB20E21CBB0099B2C0 /* Targil Heroes */,
			);
		};
/* End PBXProject section */

/* Begin PBXResourcesBuildPhase section */
		D772C2DA20E21CBB0099B2C0 /* Resources */ = {
			isa = PBXResourcesBuildPhase;
			buildActionMask = 2147483647;
			files = (
				D772C2EA20E21CBC0099B2C0 /* LaunchScreen.storyboard in Resources */,
				D772C2E720E21CBC0099B2C0 /* Assets.xcassets in Resources */,
				D772C2E520E21CBB0099B2C0 /* Main.storyboard in Resources */,
			);
			runOnlyForDeploymentPostprocessing = 0;
		};
/* End PBXResourcesBuildPhase section */

/* Begin PBXShellScriptBuildPhase section */
		4BA4F926DBA0EC7AE2E430C0 /* [CP] Check Pods Manifest.lock */ = {
			isa = PBXShellScriptBuildPhase;
			buildActionMask = 2147483647;
			files = (
			);
			inputPaths = (
				"${PODS_PODFILE_DIR_PATH}/Podfile.lock",
				"${PODS_ROOT}/Manifest.lock",
			);
			name = "[CP] Check Pods Manifest.lock";
			outputPaths = (
				"$(DERIVED_FILE_DIR)/Pods-Targil Heroes-checkManifestLockResult.txt",
			);
			runOnlyForDeploymentPostprocessing = 0;
			shellPath = /bin/sh;
			shellScript = "diff \"${PODS_PODFILE_DIR_PATH}/Podfile.lock\" \"${PODS_ROOT}/Manifest.lock\" > /dev/null\nif [ $? != 0 ] ; then\n    # print error to STDERR\n    echo \"error: The sandbox is not in sync with the Podfile.lock. Run 'pod install' or update your CocoaPods installation.\" >&2\n    exit 1\nfi\n# This output is used by Xcode 'outputs' to avoid re-running this script phase.\necho \"SUCCESS\" > \"${SCRIPT_OUTPUT_FILE_0}\"\n";
			showEnvVarsInLog = 0;
		};
		66E28B1F36FAACE45C65E493 /* [CP] Embed Pods Frameworks */ = {
			isa = PBXShellScriptBuildPhase;
			buildActionMask = 2147483647;
			files = (
			);
			inputPaths = (
				"${SRCROOT}/Pods/Target Support Files/Pods-Targil Heroes/Pods-Targil Heroes-frameworks.sh",
				"${BUILT_PRODUCTS_DIR}/Realm/Realm.framework",
				"${BUILT_PRODUCTS_DIR}/RealmSwift/RealmSwift.framework",
			);
			name = "[CP] Embed Pods Frameworks";
			outputPaths = (
				"${TARGET_BUILD_DIR}/${FRAMEWORKS_FOLDER_PATH}/Realm.framework",
				"${TARGET_BUILD_DIR}/${FRAMEWORKS_FOLDER_PATH}/RealmSwift.framework",
			);
			runOnlyForDeploymentPostprocessing = 0;
			shellPath = /bin/sh;
			shellScript = "\"${SRCROOT}/Pods/Target Support Files/Pods-Targil Heroes/Pods-Targil Heroes-frameworks.sh\"\n";
			showEnvVarsInLog = 0;
		};
/* End PBXShellScriptBuildPhase section */

/* Begin PBXSourcesBuildPhase section */
		D772C2D820E21CBB0099B2C0 /* Sources */ = {
			isa = PBXSourcesBuildPhase;
			buildActionMask = 2147483647;
			files = (
				D772C31820E259960099B2C0 /* UIImageX.swift in Sources */,
				D772C2E220E21CBB0099B2C0 /* ViewController.swift in Sources */,
				D772C30120E2399F0099B2C0 /* ItemManager.swift in Sources */,
				D772C2E020E21CBB0099B2C0 /* AppDelegate.swift in Sources */,
				D772C31D20E25FF50099B2C0 /* PictureZoomController.swift in Sources */,
				D78422C720E2C75200004504 /* TableViewCell.swift in Sources */,
				D772C31120E253760099B2C0 /* Item.swift in Sources */,
				D777C31A20E5108C0045CD14 /* Reachability.swift in Sources */,
				D772C30320E23B470099B2C0 /* Actor.swift in Sources */,
				D772C30520E23B8E0099B2C0 /* Movie.swift in Sources */,
				D772C31A20E25BF00099B2C0 /* Extension.swift in Sources */,
			);
			runOnlyForDeploymentPostprocessing = 0;
		};
/* End PBXSourcesBuildPhase section */

/* Begin PBXVariantGroup section */
		D772C2E320E21CBB0099B2C0 /* Main.storyboard */ = {
			isa = PBXVariantGroup;
			children = (
				D772C2E420E21CBB0099B2C0 /* Base */,
			);
			name = Main.storyboard;
			sourceTree = "<group>";
		};
		D772C2E820E21CBC0099B2C0 /* LaunchScreen.storyboard */ = {
			isa = PBXVariantGroup;
			children = (
				D772C2E920E21CBC0099B2C0 /* Base */,
			);
			name = LaunchScreen.storyboard;
			sourceTree = "<group>";
		};
/* End PBXVariantGroup section */

/* Begin XCBuildConfiguration section */
		D772C2EC20E21CBC0099B2C0 /* Debug */ = {
			isa = XCBuildConfiguration;
			buildSettings = {
				ALWAYS_SEARCH_USER_PATHS = NO;
				CLANG_ANALYZER_NONNULL = YES;
				CLANG_ANALYZER_NUMBER_OBJECT_CONVERSION = YES_AGGRESSIVE;
				CLANG_CXX_LANGUAGE_STANDARD = "gnu++14";
				CLANG_CXX_LIBRARY = "libc++";
				CLANG_ENABLE_MODULES = YES;
				CLANG_ENABLE_OBJC_ARC = YES;
				CLANG_ENABLE_OBJC_WEAK = YES;
				CLANG_WARN_BLOCK_CAPTURE_AUTORELEASING = YES;
				CLANG_WARN_BOOL_CONVERSION = YES;
				CLANG_WARN_COMMA = YES;
				CLANG_WARN_CONSTANT_CONVERSION = YES;
				CLANG_WARN_DEPRECATED_OBJC_IMPLEMENTATIONS = YES;
				CLANG_WARN_DIRECT_OBJC_ISA_USAGE = YES_ERROR;
				CLANG_WARN_DOCUMENTATION_COMMENTS = YES;
				CLANG_WARN_EMPTY_BODY = YES;
				CLANG_WARN_ENUM_CONVERSION = YES;
				CLANG_WARN_INFINITE_RECURSION = YES;
				CLANG_WARN_INT_CONVERSION = YES;
				CLANG_WARN_NON_LITERAL_NULL_CONVERSION = YES;
				CLANG_WARN_OBJC_IMPLICIT_RETAIN_SELF = YES;
				CLANG_WARN_OBJC_LITERAL_CONVERSION = YES;
				CLANG_WARN_OBJC_ROOT_CLASS = YES_ERROR;
				CLANG_WARN_RANGE_LOOP_ANALYSIS = YES;
				CLANG_WARN_STRICT_PROTOTYPES = YES;
				CLANG_WARN_SUSPICIOUS_MOVE = YES;
				CLANG_WARN_UNGUARDED_AVAILABILITY = YES_AGGRESSIVE;
				CLANG_WARN_UNREACHABLE_CODE = YES;
				CLANG_WARN__DUPLICATE_METHOD_MATCH = YES;
				CODE_SIGN_IDENTITY = "iPhone Developer";
				COPY_PHASE_STRIP = NO;
				DEBUG_INFORMATION_FORMAT = dwarf;
				ENABLE_STRICT_OBJC_MSGSEND = YES;
				ENABLE_TESTABILITY = YES;
				GCC_C_LANGUAGE_STANDARD = gnu11;
				GCC_DYNAMIC_NO_PIC = NO;
				GCC_NO_COMMON_BLOCKS = YES;
				GCC_OPTIMIZATION_LEVEL = 0;
				GCC_PREPROCESSOR_DEFINITIONS = (
					"DEBUG=1",
					"$(inherited)",
				);
				GCC_WARN_64_TO_32_BIT_CONVERSION = YES;
				GCC_WARN_ABOUT_RETURN_TYPE = YES_ERROR;
				GCC_WARN_UNDECLARED_SELECTOR = YES;
				GCC_WARN_UNINITIALIZED_AUTOS = YES_AGGRESSIVE;
				GCC_WARN_UNUSED_FUNCTION = YES;
				GCC_WARN_UNUSED_VARIABLE = YES;
				IPHONEOS_DEPLOYMENT_TARGET = 11.4;
				MTL_ENABLE_DEBUG_INFO = YES;
				ONLY_ACTIVE_ARCH = YES;
				SDKROOT = iphoneos;
				SWIFT_ACTIVE_COMPILATION_CONDITIONS = DEBUG;
				SWIFT_OPTIMIZATION_LEVEL = "-Onone";
			};
			name = Debug;
		};
		D772C2ED20E21CBC0099B2C0 /* Release */ = {
			isa = XCBuildConfiguration;
			buildSettings = {
				ALWAYS_SEARCH_USER_PATHS = NO;
				CLANG_ANALYZER_NONNULL = YES;
				CLANG_ANALYZER_NUMBER_OBJECT_CONVERSION = YES_AGGRESSIVE;
				CLANG_CXX_LANGUAGE_STANDARD = "gnu++14";
				CLANG_CXX_LIBRARY = "libc++";
				CLANG_ENABLE_MODULES = YES;
				CLANG_ENABLE_OBJC_ARC = YES;
				CLANG_ENABLE_OBJC_WEAK = YES;
				CLANG_WARN_BLOCK_CAPTURE_AUTORELEASING = YES;
				CLANG_WARN_BOOL_CONVERSION = YES;
				CLANG_WARN_COMMA = YES;
				CLANG_WARN_CONSTANT_CONVERSION = YES;
				CLANG_WARN_DEPRECATED_OBJC_IMPLEMENTATIONS = YES;
				CLANG_WARN_DIRECT_OBJC_ISA_USAGE = YES_ERROR;
				CLANG_WARN_DOCUMENTATION_COMMENTS = YES;
				CLANG_WARN_EMPTY_BODY = YES;
				CLANG_WARN_ENUM_CONVERSION = YES;
				CLANG_WARN_INFINITE_RECURSION = YES;
				CLANG_WARN_INT_CONVERSION = YES;
				CLANG_WARN_NON_LITERAL_NULL_CONVERSION = YES;
				CLANG_WARN_OBJC_IMPLICIT_RETAIN_SELF = YES;
				CLANG_WARN_OBJC_LITERAL_CONVERSION = YES;
				CLANG_WARN_OBJC_ROOT_CLASS = YES_ERROR;
				CLANG_WARN_RANGE_LOOP_ANALYSIS = YES;
				CLANG_WARN_STRICT_PROTOTYPES = YES;
				CLANG_WARN_SUSPICIOUS_MOVE = YES;
				CLANG_WARN_UNGUARDED_AVAILABILITY = YES_AGGRESSIVE;
				CLANG_WARN_UNREACHABLE_CODE = YES;
				CLANG_WARN__DUPLICATE_METHOD_MATCH = YES;
				CODE_SIGN_IDENTITY = "iPhone Developer";
				COPY_PHASE_STRIP = NO;
				DEBUG_INFORMATION_FORMAT = "dwarf-with-dsym";
				ENABLE_NS_ASSERTIONS = NO;
				ENABLE_STRICT_OBJC_MSGSEND = YES;
				GCC_C_LANGUAGE_STANDARD = gnu11;
				GCC_NO_COMMON_BLOCKS = YES;
				GCC_WARN_64_TO_32_BIT_CONVERSION = YES;
				GCC_WARN_ABOUT_RETURN_TYPE = YES_ERROR;
				GCC_WARN_UNDECLARED_SELECTOR = YES;
				GCC_WARN_UNINITIALIZED_AUTOS = YES_AGGRESSIVE;
				GCC_WARN_UNUSED_FUNCTION = YES;
				GCC_WARN_UNUSED_VARIABLE = YES;
				IPHONEOS_DEPLOYMENT_TARGET = 11.4;
				MTL_ENABLE_DEBUG_INFO = NO;
				SDKROOT = iphoneos;
				SWIFT_COMPILATION_MODE = wholemodule;
				SWIFT_OPTIMIZATION_LEVEL = "-O";
				VALIDATE_PRODUCT = YES;
			};
			name = Release;
		};
		D772C2EF20E21CBC0099B2C0 /* Debug */ = {
			isa = XCBuildConfiguration;
			baseConfigurationReference = FAAB6C893910DCFD16E48A7C /* Pods-Targil Heroes.debug.xcconfig */;
			buildSettings = {
				ASSETCATALOG_COMPILER_APPICON_NAME = AppIcon;
				CODE_SIGN_STYLE = Automatic;
				INFOPLIST_FILE = "Targil Heroes/Info.plist";
				LD_RUNPATH_SEARCH_PATHS = (
					"$(inherited)",
					"@executable_path/Frameworks",
				);
				PRODUCT_BUNDLE_IDENTIFIER = "com.emoonaDev.Targil-Heroes";
				PRODUCT_NAME = "$(TARGET_NAME)";
				SWIFT_VERSION = 4.0;
				TARGETED_DEVICE_FAMILY = "1,2";
			};
			name = Debug;
		};
		D772C2F020E21CBC0099B2C0 /* Release */ = {
			isa = XCBuildConfiguration;
			baseConfigurationReference = 7E156DBA72EF61B7F1A3283D /* Pods-Targil Heroes.release.xcconfig */;
			buildSettings = {
				ASSETCATALOG_COMPILER_APPICON_NAME = AppIcon;
				CODE_SIGN_STYLE = Automatic;
				INFOPLIST_FILE = "Targil Heroes/Info.plist";
				LD_RUNPATH_SEARCH_PATHS = (
					"$(inherited)",
					"@executable_path/Frameworks",
				);
				PRODUCT_BUNDLE_IDENTIFIER = "com.emoonaDev.Targil-Heroes";
				PRODUCT_NAME = "$(TARGET_NAME)";
				SWIFT_VERSION = 4.0;
				TARGETED_DEVICE_FAMILY = "1,2";
			};
			name = Release;
		};
/* End XCBuildConfiguration section */

/* Begin XCConfigurationList section */
		D772C2D720E21CBB0099B2C0 /* Build configuration list for PBXProject "Targil Heroes" */ = {
			isa = XCConfigurationList;
			buildConfigurations = (
				D772C2EC20E21CBC0099B2C0 /* Debug */,
				D772C2ED20E21CBC0099B2C0 /* Release */,
			);
			defaultConfigurationIsVisible = 0;
			defaultConfigurationName = Release;
		};
		D772C2EE20E21CBC0099B2C0 /* Build configuration list for PBXNativeTarget "Targil Heroes" */ = {
			isa = XCConfigurationList;
			buildConfigurations = (
				D772C2EF20E21CBC0099B2C0 /* Debug */,
				D772C2F020E21CBC0099B2C0 /* Release */,
			);
			defaultConfigurationIsVisible = 0;
			defaultConfigurationName = Release;
		};
/* End XCConfigurationList section */
	};
	rootObject = D772C2D420E21CBB0099B2C0 /* Project object */;
}
